{
  "originHash" : "43ecdc4137ec11b3d22aa10cb297a721be84686ad33cc7530b40400e89f591ca",
  "pins" : [
    {
      "identity" : "swift-artifact-parser",
      "kind" : "remoteSourceControl",
      "location" : "https://github.com/21-DOT-DEV/swift-artifact-parser",
      "state" : {
        "revision" : "7b8b38ccf544bcce62387990777f7622d1c9ba44",
        "version" : "0.0.1"
      }
    },
    {
      "identity" : "swift-docc-plugin",
      "kind" : "remoteSourceControl",
      "location" : "https://github.com/swiftlang/swift-docc-plugin",
      "state" : {
        "revision" : "e977f65879f82b375a044c8837597f690c067da6",
        "version" : "1.4.6"
      }
    },
    {
      "identity" : "swift-docc-symbolkit",
      "kind" : "remoteSourceControl",
      "location" : "https://github.com/swiftlang/swift-docc-symbolkit",
      "state" : {
        "revision" : "b45d1f2ed151d057b54504d653e0da5552844e34",
        "version" : "1.0.0"
      }
    },
    {
      "identity" : "swift-event",
      "kind" : "remoteSourceControl",
      "location" : "https://github.com/21-DOT-DEV/swift-event.git",
      "state" : {
        "revision" : "00b673853d1997eef93cf2b33f255a7e2408de4c",
        "version" : "0.1.3"
      }
    },
    {
      "identity" : "swift-openssl",
      "kind" : "remoteSourceControl",
      "location" : "https://github.com/21-DOT-DEV/swift-openssl.git",
      "state" : {
        "revision" : "df6fb4566c41e4cd8634757a5853f5b8c654bf80",
        "version" : "0.1.3"
      }
    },
    {
      "identity" : "swift-plugin-subtree",
      "kind" : "remoteSourceControl",
      "location" : "https://github.com/21-DOT-DEV/swift-plugin-subtree.git",
      "state" : {
        "revision" : "0986f4f22d7a58e3f9e6798e67491e8367653d2b",
        "version" : "0.0.13"
      }
    }
  ],
  "version" : 3
}
