{
  "originHash" : "2c78ee06ee018ebbe6a46ab2e8a66deee9ad87322645c2678b6475f158d2f1ca",
  "pins" : [
    {
      "identity" : "swift-artifact-parser",
      "kind" : "remoteSourceControl",
      "location" : "https://github.com/21-DOT-DEV/swift-artifact-parser",
      "state" : {
        "revision" : "7b8b38ccf544bcce62387990777f7622d1c9ba44",
        "version" : "0.0.1"
      }
    },
    {
      "identity" : "swift-event",
      "kind" : "remoteSourceControl",
      "location" : "https://github.com/21-DOT-DEV/swift-event.git",
      "state" : {
        "branch" : "main",
        "revision" : "94e8c64d4ad9290d136c02996fa24f731057d345"
      }
    },
    {
      "identity" : "swift-openssl",
      "kind" : "remoteSourceControl",
      "location" : "https://github.com/21-DOT-DEV/swift-openssl.git",
      "state" : {
        "branch" : "main",
        "revision" : "492eeffaf1b09ed180d1313e5f2f62331691bf1a"
      }
    },
    {
      "identity" : "swift-plugin-subtree",
      "kind" : "remoteSourceControl",
      "location" : "https://github.com/21-DOT-DEV/swift-plugin-subtree.git",
      "state" : {
        "revision" : "b5338452f9a2acf06dc11a90ebeaefb530ee3006",
        "version" : "0.0.7"
      }
    }
  ],
  "version" : 3
}
